
Microsoft Visual Studio Solution File, Format Version 12.00
# Visual Studio Version 16
VisualStudioVersion = 16.0.31424.327
MinimumVisualStudioVersion = 10.0.40219.1
Project("{FAE04EC0-301F-11D3-BF4B-00C04F79EFBC}") = "HouseUtilityAPI2", "HouseUtilityAPI2\HouseUtilityAPI2.csproj", "{4D3E9CAF-C66C-48A1-8367-DF1DAD21E3DB}"
EndProject
Global
	GlobalSection(SolutionConfigurationPlatforms) = preSolution
		Debug|Any CPU = Debug|Any CPU
		Release|Any CPU = Release|Any CPU
	EndGlobalSection
	GlobalSection(ProjectConfigurationPlatforms) = postSolution
		{4D3E9CAF-C66C-48A1-8367-DF1DAD21E3DB}.Debug|Any CPU.ActiveCfg = Debug|Any CPU
		{4D3E9CAF-C66C-48A1-8367-DF1DAD21E3DB}.Debug|Any CPU.Build.0 = Debug|Any CPU
		{4D3E9CAF-C66C-48A1-8367-DF1DAD21E3DB}.Release|Any CPU.ActiveCfg = Release|Any CPU
		{4D3E9CAF-C66C-48A1-8367-DF1DAD21E3DB}.Release|Any CPU.Build.0 = Release|Any CPU
	EndGlobalSection
	GlobalSection(SolutionProperties) = preSolution
		HideSolutionNode = FALSE
	EndGlobalSection
	GlobalSection(ExtensibilityGlobals) = postSolution
		SolutionGuid = {BE4F2A87-CC7E-4E63-A8FD-60BA4E420642}
	EndGlobalSection
EndGlobal
